PODS:
  - BarrageRenderer (2.1.0)
  - FSCalendar (2.8.0)
  - JTAppleCalendar (7.1.6)
  - pop (1.0.12)
  - SnapKit (4.0.1)

DEPENDENCIES:
  - BarrageRenderer
  - FSCalendar
  - JTAppleCalendar
  - pop
  - SnapKit

SPEC REPOS:
  https://github.com/cocoapods/specs.git:
    - BarrageRenderer
    - FSCalendar
    - JTAppleCalendar
    - pop
    - SnapKit

SPEC CHECKSUMS:
  BarrageRenderer: 00e5f8081d81f29c1fc12712ddf2f875bd9c6f77
  FSCalendar: 3a5ed3636e2ba1b83ebebfcf0c2603105a6f5efe
  JTAppleCalendar: abb30678f42a4ef8a340a932b1dcb8c85a33dac2
  pop: d582054913807fd11fd50bfe6a539d91c7e1a55a
  SnapKit: 0de968a9fec17499afa29683b05d0c775b6d1c29

PODFILE CHECKSUM: c35b37625b49c31b3cda6f2be4b9d0c7c10e01b6

COCOAPODS: 1.5.3
