// !$*UTF8*$!
{
	archiveVersion = 1;
	classes = {
	};
	objectVersion = 50;
	objects = {

/* Begin PBXBuildFile section */
		064F481F215C7D76003D175A /* AppDelegate.swift in Sources */ = {isa = PBXBuildFile; fileRef = 064F481E215C7D76003D175A /* AppDelegate.swift */; };
		064F4821215C7D76003D175A /* ViewController.swift in Sources */ = {isa = PBXBuildFile; fileRef = 064F4820215C7D76003D175A /* ViewController.swift */; };
		064F4824215C7D76003D175A /* Main.storyboard in Resources */ = {isa = PBXBuildFile; fileRef = 064F4822215C7D76003D175A /* Main.storyboard */; };
		064F4826215C7D77003D175A /* Assets.xcassets in Resources */ = {isa = PBXBuildFile; fileRef = 064F4825215C7D77003D175A /* Assets.xcassets */; };
		064F4829215C7D77003D175A /* LaunchScreen.storyboard in Resources */ = {isa = PBXBuildFile; fileRef = 064F4827215C7D77003D175A /* LaunchScreen.storyboard */; };
		064F4832215C8762003D175A /* 208.MP4 in Resources */ = {isa = PBXBuildFile; fileRef = 064F4831215C8762003D175A /* 208.MP4 */; };
		064F4835215C8AEB003D175A /* ConfigHelper.swift in Sources */ = {isa = PBXBuildFile; fileRef = 064F4834215C8AEB003D175A /* ConfigHelper.swift */; };
		064F483B215CEBD4003D175A /* NSSafeObject.m in Sources */ = {isa = PBXBuildFile; fileRef = 064F4839215CEBD4003D175A /* NSSafeObject.m */; };
		06670A97215DCD9700CF400C /* HomeCollectionViewCell.swift in Sources */ = {isa = PBXBuildFile; fileRef = 06670A96215DCD9700CF400C /* HomeCollectionViewCell.swift */; };
		06670AA6215DE38C00CF400C /* EmitterViewController.swift in Sources */ = {isa = PBXBuildFile; fileRef = 06670AA5215DE38C00CF400C /* EmitterViewController.swift */; };
		06670AA8215DE56300CF400C /* ImageHelper.swift in Sources */ = {isa = PBXBuildFile; fileRef = 06670AA7215DE56300CF400C /* ImageHelper.swift */; };
		4D92B81C0AAEDAD66B3B0CA7 /* Pods_FooAnimation_Master.framework in Frameworks */ = {isa = PBXBuildFile; fileRef = C76C9D43BB6F277EA5D56B61 /* Pods_FooAnimation_Master.framework */; };
/* End PBXBuildFile section */

/* Begin PBXFileReference section */
		064F481B215C7D75003D175A /* FooAnimation-Master.app */ = {isa = PBXFileReference; explicitFileType = wrapper.application; includeInIndex = 0; path = "FooAnimation-Master.app"; sourceTree = BUILT_PRODUCTS_DIR; };
		064F481E215C7D76003D175A /* AppDelegate.swift */ = {isa = PBXFileReference; lastKnownFileType = sourcecode.swift; path = AppDelegate.swift; sourceTree = "<group>"; };
		064F4820215C7D76003D175A /* ViewController.swift */ = {isa = PBXFileReference; lastKnownFileType = sourcecode.swift; path = ViewController.swift; sourceTree = "<group>"; };
		064F4823215C7D76003D175A /* Base */ = {isa = PBXFileReference; lastKnownFileType = file.storyboard; name = Base; path = Base.lproj/Main.storyboard; sourceTree = "<group>"; };
		064F4825215C7D77003D175A /* Assets.xcassets */ = {isa = PBXFileReference; lastKnownFileType = folder.assetcatalog; path = Assets.xcassets; sourceTree = "<group>"; };
		064F4828215C7D77003D175A /* Base */ = {isa = PBXFileReference; lastKnownFileType = file.storyboard; name = Base; path = Base.lproj/LaunchScreen.storyboard; sourceTree = "<group>"; };
		064F482A215C7D77003D175A /* Info.plist */ = {isa = PBXFileReference; lastKnownFileType = text.plist.xml; path = Info.plist; sourceTree = "<group>"; };
		064F4831215C8762003D175A /* 208.MP4 */ = {isa = PBXFileReference; lastKnownFileType = file; path = 208.MP4; sourceTree = "<group>"; };
		064F4834215C8AEB003D175A /* ConfigHelper.swift */ = {isa = PBXFileReference; lastKnownFileType = sourcecode.swift; path = ConfigHelper.swift; sourceTree = "<group>"; };
		064F4839215CEBD4003D175A /* NSSafeObject.m */ = {isa = PBXFileReference; fileEncoding = 4; lastKnownFileType = sourcecode.c.objc; path = NSSafeObject.m; sourceTree = "<group>"; };
		064F483A215CEBD4003D175A /* NSSafeObject.h */ = {isa = PBXFileReference; fileEncoding = 4; lastKnownFileType = sourcecode.c.h; path = NSSafeObject.h; sourceTree = "<group>"; };
		064F483C215CEC3E003D175A /* BridgeHeader.h */ = {isa = PBXFileReference; lastKnownFileType = sourcecode.c.h; path = BridgeHeader.h; sourceTree = "<group>"; };
		06670A96215DCD9700CF400C /* HomeCollectionViewCell.swift */ = {isa = PBXFileReference; lastKnownFileType = sourcecode.swift; path = HomeCollectionViewCell.swift; sourceTree = "<group>"; };
		06670AA5215DE38C00CF400C /* EmitterViewController.swift */ = {isa = PBXFileReference; lastKnownFileType = sourcecode.swift; path = EmitterViewController.swift; sourceTree = "<group>"; };
		06670AA7215DE56300CF400C /* ImageHelper.swift */ = {isa = PBXFileReference; lastKnownFileType = sourcecode.swift; path = ImageHelper.swift; sourceTree = "<group>"; };
		11E598B203A0FFE757BA021E /* Pods-FooAnimation-Master.release.xcconfig */ = {isa = PBXFileReference; includeInIndex = 1; lastKnownFileType = text.xcconfig; name = "Pods-FooAnimation-Master.release.xcconfig"; path = "Pods/Target Support Files/Pods-FooAnimation-Master/Pods-FooAnimation-Master.release.xcconfig"; sourceTree = "<group>"; };
		C76C9D43BB6F277EA5D56B61 /* Pods_FooAnimation_Master.framework */ = {isa = PBXFileReference; explicitFileType = wrapper.framework; includeInIndex = 0; path = Pods_FooAnimation_Master.framework; sourceTree = BUILT_PRODUCTS_DIR; };
		D498AFA597BF5358F1181A8F /* Pods-FooAnimation-Master.debug.xcconfig */ = {isa = PBXFileReference; includeInIndex = 1; lastKnownFileType = text.xcconfig; name = "Pods-FooAnimation-Master.debug.xcconfig"; path = "Pods/Target Support Files/Pods-FooAnimation-Master/Pods-FooAnimation-Master.debug.xcconfig"; sourceTree = "<group>"; };
/* End PBXFileReference section */

/* Begin PBXFrameworksBuildPhase section */
		064F4818215C7D75003D175A /* Frameworks */ = {
			isa = PBXFrameworksBuildPhase;
			buildActionMask = 2147483647;
			files = (
				4D92B81C0AAEDAD66B3B0CA7 /* Pods_FooAnimation_Master.framework in Frameworks */,
			);
			runOnlyForDeploymentPostprocessing = 0;
		};
/* End PBXFrameworksBuildPhase section */

/* Begin PBXGroup section */
		064F4812215C7D75003D175A = {
			isa = PBXGroup;
			children = (
				064F481D215C7D75003D175A /* FooAnimation-Master */,
				064F481C215C7D75003D175A /* Products */,
				42A7F424EF73970654727115 /* Pods */,
				90CD0630CD5D8ACEB9A3E085 /* Frameworks */,
			);
			sourceTree = "<group>";
		};
		064F481C215C7D75003D175A /* Products */ = {
			isa = PBXGroup;
			children = (
				064F481B215C7D75003D175A /* FooAnimation-Master.app */,
			);
			name = Products;
			sourceTree = "<group>";
		};
		064F481D215C7D75003D175A /* FooAnimation-Master */ = {
			isa = PBXGroup;
			children = (
				064F4833215C8ACC003D175A /* Helper */,
				064F4837215CEBA6003D175A /* Frameworks */,
				064F4830215C82FF003D175A /* Source */,
				064F481E215C7D76003D175A /* AppDelegate.swift */,
				06670AA4215DE2BE00CF400C /* Animations */,
				064F4820215C7D76003D175A /* ViewController.swift */,
				06670A96215DCD9700CF400C /* HomeCollectionViewCell.swift */,
				064F4822215C7D76003D175A /* Main.storyboard */,
				064F4825215C7D77003D175A /* Assets.xcassets */,
				064F4827215C7D77003D175A /* LaunchScreen.storyboard */,
				064F482A215C7D77003D175A /* Info.plist */,
			);
			path = "FooAnimation-Master";
			sourceTree = "<group>";
		};
		064F4830215C82FF003D175A /* Source */ = {
			isa = PBXGroup;
			children = (
				064F4831215C8762003D175A /* 208.MP4 */,
			);
			path = Source;
			sourceTree = "<group>";
		};
		064F4833215C8ACC003D175A /* Helper */ = {
			isa = PBXGroup;
			children = (
				064F4834215C8AEB003D175A /* ConfigHelper.swift */,
				064F483C215CEC3E003D175A /* BridgeHeader.h */,
				06670AA7215DE56300CF400C /* ImageHelper.swift */,
			);
			path = Helper;
			sourceTree = "<group>";
		};
		064F4837215CEBA6003D175A /* Frameworks */ = {
			isa = PBXGroup;
			children = (
				064F4838215CEBD4003D175A /* SafeObject */,
			);
			path = Frameworks;
			sourceTree = "<group>";
		};
		064F4838215CEBD4003D175A /* SafeObject */ = {
			isa = PBXGroup;
			children = (
				064F4839215CEBD4003D175A /* NSSafeObject.m */,
				064F483A215CEBD4003D175A /* NSSafeObject.h */,
			);
			path = SafeObject;
			sourceTree = "<group>";
		};
		06670AA4215DE2BE00CF400C /* Animations */ = {
			isa = PBXGroup;
			children = (
				06670AA5215DE38C00CF400C /* EmitterViewController.swift */,
			);
			path = Animations;
			sourceTree = "<group>";
		};
		42A7F424EF73970654727115 /* Pods */ = {
			isa = PBXGroup;
			children = (
				D498AFA597BF5358F1181A8F /* Pods-FooAnimation-Master.debug.xcconfig */,
				11E598B203A0FFE757BA021E /* Pods-FooAnimation-Master.release.xcconfig */,
			);
			name = Pods;
			sourceTree = "<group>";
		};
		90CD0630CD5D8ACEB9A3E085 /* Frameworks */ = {
			isa = PBXGroup;
			children = (
				C76C9D43BB6F277EA5D56B61 /* Pods_FooAnimation_Master.framework */,
			);
			name = Frameworks;
			sourceTree = "<group>";
		};
/* End PBXGroup section */

/* Begin PBXNativeTarget section */
		064F481A215C7D75003D175A /* FooAnimation-Master */ = {
			isa = PBXNativeTarget;
			buildConfigurationList = 064F482D215C7D77003D175A /* Build configuration list for PBXNativeTarget "FooAnimation-Master" */;
			buildPhases = (
				307E34C11F83F80CDEAF92AE /* [CP] Check Pods Manifest.lock */,
				064F4817215C7D75003D175A /* Sources */,
				064F4818215C7D75003D175A /* Frameworks */,
				064F4819215C7D75003D175A /* Resources */,
				9451BDE2523547B703833BAF /* [CP] Embed Pods Frameworks */,
			);
			buildRules = (
			);
			dependencies = (
			);
			name = "FooAnimation-Master";
			productName = "FooAnimation-Master";
			productReference = 064F481B215C7D75003D175A /* FooAnimation-Master.app */;
			productType = "com.apple.product-type.application";
		};
/* End PBXNativeTarget section */

/* Begin PBXProject section */
		064F4813215C7D75003D175A /* Project object */ = {
			isa = PBXProject;
			attributes = {
				LastSwiftUpdateCheck = 1000;
				LastUpgradeCheck = 1000;
				ORGANIZATIONNAME = ZouFoo;
				TargetAttributes = {
					064F481A215C7D75003D175A = {
						CreatedOnToolsVersion = 10.0;
					};
				};
			};
			buildConfigurationList = 064F4816215C7D75003D175A /* Build configuration list for PBXProject "FooAnimation-Master" */;
			compatibilityVersion = "Xcode 9.3";
			developmentRegion = en;
			hasScannedForEncodings = 0;
			knownRegions = (
				en,
				Base,
			);
			mainGroup = 064F4812215C7D75003D175A;
			productRefGroup = 064F481C215C7D75003D175A /* Products */;
			projectDirPath = "";
			projectRoot = "";
			targets = (
				064F481A215C7D75003D175A /* FooAnimation-Master */,
			);
		};
/* End PBXProject section */

/* Begin PBXResourcesBuildPhase section */
		064F4819215C7D75003D175A /* Resources */ = {
			isa = PBXResourcesBuildPhase;
			buildActionMask = 2147483647;
			files = (
				064F4832215C8762003D175A /* 208.MP4 in Resources */,
				064F4829215C7D77003D175A /* LaunchScreen.storyboard in Resources */,
				064F4826215C7D77003D175A /* Assets.xcassets in Resources */,
				064F4824215C7D76003D175A /* Main.storyboard in Resources */,
			);
			runOnlyForDeploymentPostprocessing = 0;
		};
/* End PBXResourcesBuildPhase section */

/* Begin PBXShellScriptBuildPhase section */
		307E34C11F83F80CDEAF92AE /* [CP] Check Pods Manifest.lock */ = {
			isa = PBXShellScriptBuildPhase;
			buildActionMask = 2147483647;
			files = (
			);
			inputPaths = (
				"${PODS_PODFILE_DIR_PATH}/Podfile.lock",
				"${PODS_ROOT}/Manifest.lock",
			);
			name = "[CP] Check Pods Manifest.lock";
			outputPaths = (
				"$(DERIVED_FILE_DIR)/Pods-FooAnimation-Master-checkManifestLockResult.txt",
			);
			runOnlyForDeploymentPostprocessing = 0;
			shellPath = /bin/sh;
			shellScript = "diff \"${PODS_PODFILE_DIR_PATH}/Podfile.lock\" \"${PODS_ROOT}/Manifest.lock\" > /dev/null\nif [ $? != 0 ] ; then\n    # print error to STDERR\n    echo \"error: The sandbox is not in sync with the Podfile.lock. Run 'pod install' or update your CocoaPods installation.\" >&2\n    exit 1\nfi\n# This output is used by Xcode 'outputs' to avoid re-running this script phase.\necho \"SUCCESS\" > \"${SCRIPT_OUTPUT_FILE_0}\"\n";
			showEnvVarsInLog = 0;
		};
		9451BDE2523547B703833BAF /* [CP] Embed Pods Frameworks */ = {
			isa = PBXShellScriptBuildPhase;
			buildActionMask = 2147483647;
			files = (
			);
			inputPaths = (
				"${SRCROOT}/Pods/Target Support Files/Pods-FooAnimation-Master/Pods-FooAnimation-Master-frameworks.sh",
				"${BUILT_PRODUCTS_DIR}/BarrageRenderer/BarrageRenderer.framework",
				"${BUILT_PRODUCTS_DIR}/SnapKit/SnapKit.framework",
			);
			name = "[CP] Embed Pods Frameworks";
			outputPaths = (
				"${TARGET_BUILD_DIR}/${FRAMEWORKS_FOLDER_PATH}/BarrageRenderer.framework",
				"${TARGET_BUILD_DIR}/${FRAMEWORKS_FOLDER_PATH}/SnapKit.framework",
			);
			runOnlyForDeploymentPostprocessing = 0;
			shellPath = /bin/sh;
			shellScript = "\"${SRCROOT}/Pods/Target Support Files/Pods-FooAnimation-Master/Pods-FooAnimation-Master-frameworks.sh\"\n";
			showEnvVarsInLog = 0;
		};
/* End PBXShellScriptBuildPhase section */

/* Begin PBXSourcesBuildPhase section */
		064F4817215C7D75003D175A /* Sources */ = {
			isa = PBXSourcesBuildPhase;
			buildActionMask = 2147483647;
			files = (
				06670A97215DCD9700CF400C /* HomeCollectionViewCell.swift in Sources */,
				06670AA6215DE38C00CF400C /* EmitterViewController.swift in Sources */,
				064F483B215CEBD4003D175A /* NSSafeObject.m in Sources */,
				064F4821215C7D76003D175A /* ViewController.swift in Sources */,
				064F4835215C8AEB003D175A /* ConfigHelper.swift in Sources */,
				064F481F215C7D76003D175A /* AppDelegate.swift in Sources */,
				06670AA8215DE56300CF400C /* ImageHelper.swift in Sources */,
			);
			runOnlyForDeploymentPostprocessing = 0;
		};
/* End PBXSourcesBuildPhase section */

/* Begin PBXVariantGroup section */
		064F4822215C7D76003D175A /* Main.storyboard */ = {
			isa = PBXVariantGroup;
			children = (
				064F4823215C7D76003D175A /* Base */,
			);
			name = Main.storyboard;
			sourceTree = "<group>";
		};
		064F4827215C7D77003D175A /* LaunchScreen.storyboard */ = {
			isa = PBXVariantGroup;
			children = (
				064F4828215C7D77003D175A /* Base */,
			);
			name = LaunchScreen.storyboard;
			sourceTree = "<group>";
		};
/* End PBXVariantGroup section */

/* Begin XCBuildConfiguration section */
		064F482B215C7D77003D175A /* Debug */ = {
			isa = XCBuildConfiguration;
			buildSettings = {
				ALWAYS_SEARCH_USER_PATHS = NO;
				CLANG_ANALYZER_NONNULL = YES;
				CLANG_ANALYZER_NUMBER_OBJECT_CONVERSION = YES_AGGRESSIVE;
				CLANG_CXX_LANGUAGE_STANDARD = "gnu++14";
				CLANG_CXX_LIBRARY = "libc++";
				CLANG_ENABLE_MODULES = YES;
				CLANG_ENABLE_OBJC_ARC = YES;
				CLANG_ENABLE_OBJC_WEAK = YES;
				CLANG_WARN_BLOCK_CAPTURE_AUTORELEASING = YES;
				CLANG_WARN_BOOL_CONVERSION = YES;
				CLANG_WARN_COMMA = YES;
				CLANG_WARN_CONSTANT_CONVERSION = YES;
				CLANG_WARN_DEPRECATED_OBJC_IMPLEMENTATIONS = YES;
				CLANG_WARN_DIRECT_OBJC_ISA_USAGE = YES_ERROR;
				CLANG_WARN_DOCUMENTATION_COMMENTS = YES;
				CLANG_WARN_EMPTY_BODY = YES;
				CLANG_WARN_ENUM_CONVERSION = YES;
				CLANG_WARN_INFINITE_RECURSION = YES;
				CLANG_WARN_INT_CONVERSION = YES;
				CLANG_WARN_NON_LITERAL_NULL_CONVERSION = YES;
				CLANG_WARN_OBJC_IMPLICIT_RETAIN_SELF = YES;
				CLANG_WARN_OBJC_LITERAL_CONVERSION = YES;
				CLANG_WARN_OBJC_ROOT_CLASS = YES_ERROR;
				CLANG_WARN_RANGE_LOOP_ANALYSIS = YES;
				CLANG_WARN_STRICT_PROTOTYPES = YES;
				CLANG_WARN_SUSPICIOUS_MOVE = YES;
				CLANG_WARN_UNGUARDED_AVAILABILITY = YES_AGGRESSIVE;
				CLANG_WARN_UNREACHABLE_CODE = YES;
				CLANG_WARN__DUPLICATE_METHOD_MATCH = YES;
				CODE_SIGN_IDENTITY = "iPhone Developer";
				COPY_PHASE_STRIP = NO;
				DEBUG_INFORMATION_FORMAT = dwarf;
				ENABLE_STRICT_OBJC_MSGSEND = YES;
				ENABLE_TESTABILITY = YES;
				GCC_C_LANGUAGE_STANDARD = gnu11;
				GCC_DYNAMIC_NO_PIC = NO;
				GCC_NO_COMMON_BLOCKS = YES;
				GCC_OPTIMIZATION_LEVEL = 0;
				GCC_PREPROCESSOR_DEFINITIONS = (
					"DEBUG=1",
					"$(inherited)",
				);
				GCC_WARN_64_TO_32_BIT_CONVERSION = YES;
				GCC_WARN_ABOUT_RETURN_TYPE = YES_ERROR;
				GCC_WARN_UNDECLARED_SELECTOR = YES;
				GCC_WARN_UNINITIALIZED_AUTOS = YES_AGGRESSIVE;
				GCC_WARN_UNUSED_FUNCTION = YES;
				GCC_WARN_UNUSED_VARIABLE = YES;
				IPHONEOS_DEPLOYMENT_TARGET = 12.0;
				MTL_ENABLE_DEBUG_INFO = INCLUDE_SOURCE;
				MTL_FAST_MATH = YES;
				ONLY_ACTIVE_ARCH = YES;
				SDKROOT = iphoneos;
				SWIFT_ACTIVE_COMPILATION_CONDITIONS = DEBUG;
				SWIFT_OPTIMIZATION_LEVEL = "-Onone";
			};
			name = Debug;
		};
		064F482C215C7D77003D175A /* Release */ = {
			isa = XCBuildConfiguration;
			buildSettings = {
				ALWAYS_SEARCH_USER_PATHS = NO;
				CLANG_ANALYZER_NONNULL = YES;
				CLANG_ANALYZER_NUMBER_OBJECT_CONVERSION = YES_AGGRESSIVE;
				CLANG_CXX_LANGUAGE_STANDARD = "gnu++14";
				CLANG_CXX_LIBRARY = "libc++";
				CLANG_ENABLE_MODULES = YES;
				CLANG_ENABLE_OBJC_ARC = YES;
				CLANG_ENABLE_OBJC_WEAK = YES;
				CLANG_WARN_BLOCK_CAPTURE_AUTORELEASING = YES;
				CLANG_WARN_BOOL_CONVERSION = YES;
				CLANG_WARN_COMMA = YES;
				CLANG_WARN_CONSTANT_CONVERSION = YES;
				CLANG_WARN_DEPRECATED_OBJC_IMPLEMENTATIONS = YES;
				CLANG_WARN_DIRECT_OBJC_ISA_USAGE = YES_ERROR;
				CLANG_WARN_DOCUMENTATION_COMMENTS = YES;
				CLANG_WARN_EMPTY_BODY = YES;
				CLANG_WARN_ENUM_CONVERSION = YES;
				CLANG_WARN_INFINITE_RECURSION = YES;
				CLANG_WARN_INT_CONVERSION = YES;
				CLANG_WARN_NON_LITERAL_NULL_CONVERSION = YES;
				CLANG_WARN_OBJC_IMPLICIT_RETAIN_SELF = YES;
				CLANG_WARN_OBJC_LITERAL_CONVERSION = YES;
				CLANG_WARN_OBJC_ROOT_CLASS = YES_ERROR;
				CLANG_WARN_RANGE_LOOP_ANALYSIS = YES;
				CLANG_WARN_STRICT_PROTOTYPES = YES;
				CLANG_WARN_SUSPICIOUS_MOVE = YES;
				CLANG_WARN_UNGUARDED_AVAILABILITY = YES_AGGRESSIVE;
				CLANG_WARN_UNREACHABLE_CODE = YES;
				CLANG_WARN__DUPLICATE_METHOD_MATCH = YES;
				CODE_SIGN_IDENTITY = "iPhone Developer";
				COPY_PHASE_STRIP = NO;
				DEBUG_INFORMATION_FORMAT = "dwarf-with-dsym";
				ENABLE_NS_ASSERTIONS = NO;
				ENABLE_STRICT_OBJC_MSGSEND = YES;
				GCC_C_LANGUAGE_STANDARD = gnu11;
				GCC_NO_COMMON_BLOCKS = YES;
				GCC_WARN_64_TO_32_BIT_CONVERSION = YES;
				GCC_WARN_ABOUT_RETURN_TYPE = YES_ERROR;
				GCC_WARN_UNDECLARED_SELECTOR = YES;
				GCC_WARN_UNINITIALIZED_AUTOS = YES_AGGRESSIVE;
				GCC_WARN_UNUSED_FUNCTION = YES;
				GCC_WARN_UNUSED_VARIABLE = YES;
				IPHONEOS_DEPLOYMENT_TARGET = 12.0;
				MTL_ENABLE_DEBUG_INFO = NO;
				MTL_FAST_MATH = YES;
				SDKROOT = iphoneos;
				SWIFT_COMPILATION_MODE = wholemodule;
				SWIFT_OPTIMIZATION_LEVEL = "-O";
				VALIDATE_PRODUCT = YES;
			};
			name = Release;
		};
		064F482E215C7D77003D175A /* Debug */ = {
			isa = XCBuildConfiguration;
			baseConfigurationReference = D498AFA597BF5358F1181A8F /* Pods-FooAnimation-Master.debug.xcconfig */;
			buildSettings = {
				ASSETCATALOG_COMPILER_APPICON_NAME = AppIcon;
				CODE_SIGN_STYLE = Automatic;
				DEVELOPMENT_TEAM = YSNMQ26M8K;
				INFOPLIST_FILE = "FooAnimation-Master/Info.plist";
				IPHONEOS_DEPLOYMENT_TARGET = 10.0;
				LD_RUNPATH_SEARCH_PATHS = (
					"$(inherited)",
					"@executable_path/Frameworks",
				);
				PRODUCT_BUNDLE_IDENTIFIER = "com.papitube.FooAnimation-Master";
				PRODUCT_NAME = "$(TARGET_NAME)";
				SWIFT_OBJC_BRIDGING_HEADER = "FooAnimation-Master/Helper/BridgeHeader.h";
				SWIFT_VERSION = 4.2;
				TARGETED_DEVICE_FAMILY = "1,2";
			};
			name = Debug;
		};
		064F482F215C7D77003D175A /* Release */ = {
			isa = XCBuildConfiguration;
			baseConfigurationReference = 11E598B203A0FFE757BA021E /* Pods-FooAnimation-Master.release.xcconfig */;
			buildSettings = {
				ASSETCATALOG_COMPILER_APPICON_NAME = AppIcon;
				CODE_SIGN_STYLE = Automatic;
				DEVELOPMENT_TEAM = YSNMQ26M8K;
				INFOPLIST_FILE = "FooAnimation-Master/Info.plist";
				IPHONEOS_DEPLOYMENT_TARGET = 10.0;
				LD_RUNPATH_SEARCH_PATHS = (
					"$(inherited)",
					"@executable_path/Frameworks",
				);
				PRODUCT_BUNDLE_IDENTIFIER = "com.papitube.FooAnimation-Master";
				PRODUCT_NAME = "$(TARGET_NAME)";
				SWIFT_OBJC_BRIDGING_HEADER = "FooAnimation-Master/Helper/BridgeHeader.h";
				SWIFT_VERSION = 4.2;
				TARGETED_DEVICE_FAMILY = "1,2";
			};
			name = Release;
		};
/* End XCBuildConfiguration section */

/* Begin XCConfigurationList section */
		064F4816215C7D75003D175A /* Build configuration list for PBXProject "FooAnimation-Master" */ = {
			isa = XCConfigurationList;
			buildConfigurations = (
				064F482B215C7D77003D175A /* Debug */,
				064F482C215C7D77003D175A /* Release */,
			);
			defaultConfigurationIsVisible = 0;
			defaultConfigurationName = Release;
		};
		064F482D215C7D77003D175A /* Build configuration list for PBXNativeTarget "FooAnimation-Master" */ = {
			isa = XCConfigurationList;
			buildConfigurations = (
				064F482E215C7D77003D175A /* Debug */,
				064F482F215C7D77003D175A /* Release */,
			);
			defaultConfigurationIsVisible = 0;
			defaultConfigurationName = Release;
		};
/* End XCConfigurationList section */
	};
	rootObject = 064F4813215C7D75003D175A /* Project object */;
}
